<?xml version="1.0" encoding="utf-8"?>
<Project ToolsVersion="4.0" xmlns="http://schemas.microsoft.com/developer/msbuild/2003">
  <ItemGroup>
    <Filter Include="Engine">
      <UniqueIdentifier>{93995380-89BD-4b04-88EB-625FBE52EBFB}</UniqueIdentifier>
      <Extensions>h;hh;hpp;hxx;hm;inl;inc;xsd</Extensions>
    </Filter>
    <Filter Include="Simulation">
      <UniqueIdentifier>{4FC737F1-C7A5-4376-A066-2A32D752A2FF}</UniqueIdentifier>
      <Extensions>cpp;c;cc;cxx;def;odl;idl;hpj;bat;asm;asmx</Extensions>
    </Filter>
    <Filter Include="NeuralNet">
      <UniqueIdentifier>{5448e247-7454-423b-8a3e-639dacb5b081}</UniqueIdentifier>
    </Filter>
    <Filter Include="Simulation\Header">
      <UniqueIdentifier>{69fdaa90-f17f-4693-a969-ab44051f50b0}</UniqueIdentifier>
    </Filter>
    <Filter Include="Simulation\Source">
      <UniqueIdentifier>{e6b67595-fbd0-451c-b1d8-ea3dd3e9a66b}</UniqueIdentifier>
    </Filter>
    <Filter Include="Game">
      <UniqueIdentifier>{343787ff-08c8-4c5d-ac6e-6a2bae740dcc}</UniqueIdentifier>
    </Filter>
  </ItemGroup>
  <ItemGroup>
    <ClCompile Include="Engine\Camera2D.cpp">
      <Filter>Engine</Filter>
    </ClCompile>
    <ClCompile Include="Engine\Sprite.cpp">
      <Filter>Engine</Filter>
    </ClCompile>
    <ClCompile Include="Engine\Texture.cpp">
      <Filter>Engine</Filter>
    </ClCompile>
    <ClCompile Include="Engine\Gadget.cpp">
      <Filter>Engine</Filter>
    </ClCompile>
    <ClCompile Include="Engine\Shader.cpp">
      <Filter>Engine</Filter>
    </ClCompile>
    <ClCompile Include="Engine\Keyboard.cpp">
      <Filter>Engine</Filter>
    </ClCompile>
    <ClCompile Include="Engine\Mouse.cpp">
      <Filter>Engine</Filter>
    </ClCompile>
    <ClCompile Include="Engine\Timer.cpp">
      <Filter>Engine</Filter>
    </ClCompile>
    <ClCompile Include="Engine\VectorMath.cpp">
      <Filter>Engine</Filter>
    </ClCompile>
    <ClCompile Include="NeuralNet.cpp">
      <Filter>NeuralNet</Filter>
    </ClCompile>
    <ClCompile Include="Main.cpp">
      <Filter>Simulation\Source</Filter>
    </ClCompile>
    <ClCompile Include="TempMain.cpp">
      <Filter>Simulation\Source</Filter>
    </ClCompile>
    <ClCompile Include="Character.cpp">
      <Filter>Simulation\Source</Filter>
    </ClCompile>
    <ClCompile Include="Simulation.cpp">
      <Filter>Simulation\Source</Filter>
    </ClCompile>
    <ClCompile Include="newMain.cpp">
      <Filter>Simulation\Source</Filter>
    </ClCompile>
    <ClCompile Include="BodyNode.cpp">
      <Filter>Simulation\Source</Filter>
    </ClCompile>
    <ClCompile Include="Utilities.cpp">
      <Filter>Simulation\Source</Filter>
    </ClCompile>
    <ClCompile Include="Game.cpp">
      <Filter>Game</Filter>
    </ClCompile>
  </ItemGroup>
  <ItemGroup>
    <ClInclude Include="Engine\Engine.h">
      <Filter>Engine</Filter>
    </ClInclude>
    <ClInclude Include="Engine\Camera2D.h">
      <Filter>Engine</Filter>
    </ClInclude>
    <ClInclude Include="Engine\Sprite.h">
      <Filter>Engine</Filter>
    </ClInclude>
    <ClInclude Include="Engine\Texture.h">
      <Filter>Engine</Filter>
    </ClInclude>
    <ClInclude Include="Engine\Gadget.h">
      <Filter>Engine</Filter>
    </ClInclude>
    <ClInclude Include="Engine\Shader.h">
      <Filter>Engine</Filter>
    </ClInclude>
    <ClInclude Include="Engine\Keyboard.h">
      <Filter>Engine</Filter>
    </ClInclude>
    <ClInclude Include="Engine\Mouse.h">
      <Filter>Engine</Filter>
    </ClInclude>
    <ClInclude Include="Engine\Timer.h">
      <Filter>Engine</Filter>
    </ClInclude>
    <ClInclude Include="Engine\VectorMath.h">
      <Filter>Engine</Filter>
    </ClInclude>
    <ClInclude Include="NeuralNet.h">
      <Filter>NeuralNet</Filter>
    </ClInclude>
    <ClInclude Include="Character.h">
      <Filter>Simulation\Header</Filter>
    </ClInclude>
    <ClInclude Include="Simulation.h">
      <Filter>Simulation\Header</Filter>
    </ClInclude>
    <ClInclude Include="BodyNode.h">
      <Filter>Simulation\Header</Filter>
    </ClInclude>
    <ClInclude Include="Utilities.h">
      <Filter>Simulation\Header</Filter>
    </ClInclude>
    <ClInclude Include="Game.h">
      <Filter>Game</Filter>
    </ClInclude>
  </ItemGroup>
</Project>